
Microsoft Visual Studio Solution File, Format Version 12.00
# Visual Studio Version 17
VisualStudioVersion = 17.0.31903.59
MinimumVisualStudioVersion = 10.0.40219.1
Project("{FAE04EC0-301F-11D3-BF4B-00C04F79EFBC}") = "Airport.WebAPI", "Airport.WebAPI\Airport.WebAPI.csproj", "{2BC8262B-61C0-4DE8-8B6A-CF7B6F54E791}"
EndProject
Project("{FAE04EC0-301F-11D3-BF4B-00C04F79EFBC}") = "Airport.Domain", "Airport.Domain\Airport.Domain.csproj", "{877E772A-EBFA-426B-96E3-3D78BBC5DC21}"
EndProject
Project("{FAE04EC0-301F-11D3-BF4B-00C04F79EFBC}") = "Airport.Application", "Airport.Application\Airport.Application.csproj", "{3C2C1F05-9042-430F-9EF6-6E4511F54149}"
EndProject
Project("{FAE04EC0-301F-11D3-BF4B-00C04F79EFBC}") = "Airport.Infrastructure", "Airport.Infrastructure\Airport.Infrastructure.csproj", "{03869573-2368-425A-B86A-A6DECE3E9F61}"
EndProject
Project("{2150E333-8FDC-42A3-9474-1A3956D46DE8}") = "Элементы решения", "Элементы решения", "{754FC069-D67B-A9D7-50A1-8D1CA196D8F1}"
	ProjectSection(SolutionItems) = preProject
		.gitignore = .gitignore
	EndProjectSection
EndProject
Global
	GlobalSection(SolutionConfigurationPlatforms) = preSolution
		Debug|Any CPU = Debug|Any CPU
		Release|Any CPU = Release|Any CPU
	EndGlobalSection
	GlobalSection(ProjectConfigurationPlatforms) = postSolution
		{2BC8262B-61C0-4DE8-8B6A-CF7B6F54E791}.Debug|Any CPU.ActiveCfg = Debug|Any CPU
		{2BC8262B-61C0-4DE8-8B6A-CF7B6F54E791}.Debug|Any CPU.Build.0 = Debug|Any CPU
		{2BC8262B-61C0-4DE8-8B6A-CF7B6F54E791}.Release|Any CPU.ActiveCfg = Release|Any CPU
		{2BC8262B-61C0-4DE8-8B6A-CF7B6F54E791}.Release|Any CPU.Build.0 = Release|Any CPU
		{877E772A-EBFA-426B-96E3-3D78BBC5DC21}.Debug|Any CPU.ActiveCfg = Debug|Any CPU
		{877E772A-EBFA-426B-96E3-3D78BBC5DC21}.Debug|Any CPU.Build.0 = Debug|Any CPU
		{877E772A-EBFA-426B-96E3-3D78BBC5DC21}.Release|Any CPU.ActiveCfg = Release|Any CPU
		{877E772A-EBFA-426B-96E3-3D78BBC5DC21}.Release|Any CPU.Build.0 = Release|Any CPU
		{3C2C1F05-9042-430F-9EF6-6E4511F54149}.Debug|Any CPU.ActiveCfg = Debug|Any CPU
		{3C2C1F05-9042-430F-9EF6-6E4511F54149}.Debug|Any CPU.Build.0 = Debug|Any CPU
		{3C2C1F05-9042-430F-9EF6-6E4511F54149}.Release|Any CPU.ActiveCfg = Release|Any CPU
		{3C2C1F05-9042-430F-9EF6-6E4511F54149}.Release|Any CPU.Build.0 = Release|Any CPU
		{03869573-2368-425A-B86A-A6DECE3E9F61}.Debug|Any CPU.ActiveCfg = Debug|Any CPU
		{03869573-2368-425A-B86A-A6DECE3E9F61}.Debug|Any CPU.Build.0 = Debug|Any CPU
		{03869573-2368-425A-B86A-A6DECE3E9F61}.Release|Any CPU.ActiveCfg = Release|Any CPU
		{03869573-2368-425A-B86A-A6DECE3E9F61}.Release|Any CPU.Build.0 = Release|Any CPU
	EndGlobalSection
	GlobalSection(SolutionProperties) = preSolution
		HideSolutionNode = FALSE
	EndGlobalSection
	GlobalSection(ExtensibilityGlobals) = postSolution
		SolutionGuid = {76DEEE52-AC86-4BCD-9BD6-41B78882AB6A}
	EndGlobalSection
EndGlobal
